<?xml version="1.0" encoding="UTF-8"?>
<CONFIG>
  <ProjectOptions>
    <Version Value="9"/>
    <PathDelim Value="\"/>
    <General>
      <Flags>
        <MainUnitHasCreateFormStatements Value="False"/>
        <MainUnitHasTitleStatement Value="False"/>
      </Flags>
      <SessionStorage Value="InProjectDir"/>
      <MainUnit Value="0"/>
      <Title Value="demo3simple3D"/>
      <UseAppBundle Value="False"/>
      <ResourceType Value="res"/>
    </General>
    <i18n>
      <EnableI18N LFM="False"/>
    </i18n>
    <VersionInfo>
      <StringTable ProductVersion=""/>
    </VersionInfo>
    <BuildModes Count="1">
      <Item1 Name="Default" Default="True"/>
    </BuildModes>
    <PublishOptions>
      <Version Value="2"/>
    </PublishOptions>
    <RunParams>
      <local>
        <FormatVersion Value="1"/>
      </local>
    </RunParams>
    <Units Count="12">
      <Unit0>
        <Filename Value="demo3simple3D.lpr"/>
        <IsPartOfProject Value="True"/>
        <UnitName Value="demo3simple3D"/>
      </Unit0>
      <Unit1>
        <Filename Value="..\..\engine\tinyglr.pas"/>
        <IsPartOfProject Value="True"/>
        <UnitName Value="tinyglr"/>
      </Unit1>
      <Unit2>
        <Filename Value="ugame.pas"/>
        <IsPartOfProject Value="True"/>
        <UnitName Value="uGame"/>
      </Unit2>
      <Unit3>
        <Filename Value="..\..\engine\glr_utils.pas"/>
        <IsPartOfProject Value="True"/>
        <UnitName Value="glr_utils"/>
      </Unit3>
      <Unit4>
        <Filename Value="..\..\engine\glr_filesystem.pas"/>
        <IsPartOfProject Value="True"/>
        <UnitName Value="glr_filesystem"/>
      </Unit4>
      <Unit5>
        <Filename Value="..\..\engine\glr_render.pas"/>
        <IsPartOfProject Value="True"/>
        <UnitName Value="glr_render"/>
      </Unit5>
      <Unit6>
        <Filename Value="..\..\engine\glr_render2d.pas"/>
        <IsPartOfProject Value="True"/>
        <UnitName Value="glr_render2d"/>
      </Unit6>
      <Unit7>
        <Filename Value="..\..\engine\glr_scene.pas"/>
        <IsPartOfProject Value="True"/>
        <UnitName Value="glr_scene"/>
      </Unit7>
      <Unit8>
        <Filename Value="..\..\engine\glr_core.pas"/>
        <IsPartOfProject Value="True"/>
        <UnitName Value="glr_core"/>
      </Unit8>
      <Unit9>
        <Filename Value="..\..\engine\glr_gui.pas"/>
        <IsPartOfProject Value="True"/>
        <UnitName Value="glr_gui"/>
      </Unit9>
      <Unit10>
        <Filename Value="..\..\engine\glr_mesh.pas"/>
        <IsPartOfProject Value="True"/>
        <UnitName Value="glr_mesh"/>
      </Unit10>
      <Unit11>
        <Filename Value="..\..\engine\glr_particles2d.pas"/>
        <IsPartOfProject Value="True"/>
        <UnitName Value="glr_particles2d"/>
      </Unit11>
    </Units>
  </ProjectOptions>
  <CompilerOptions>
    <Version Value="11"/>
    <PathDelim Value="\"/>
    <Target>
      <Filename Value="..\..\..\bin\demo3simple3D"/>
    </Target>
    <SearchPaths>
      <IncludeFiles Value="$(ProjOutDir)"/>
      <OtherUnitFiles Value="..\..\engine"/>
      <UnitOutputDirectory Value="..\..\..\dcu"/>
    </SearchPaths>
    <Parsing>
      <SyntaxOptions>
        <SyntaxMode Value="Delphi"/>
        <IncludeAssertionCode Value="True"/>
        <CPPInline Value="False"/>
        <UseAnsiStrings Value="False"/>
      </SyntaxOptions>
    </Parsing>
    <CodeGeneration>
      <SmartLinkUnit Value="True"/>
      <Checks>
        <IOChecks Value="True"/>
        <RangeChecks Value="True"/>
        <OverflowChecks Value="True"/>
        <StackChecks Value="True"/>
      </Checks>
    </CodeGeneration>
    <Linking>
      <Debugging>
        <StripSymbols Value="True"/>
        <UseExternalDbgSyms Value="True"/>
      </Debugging>
    </Linking>
    <Other>
      <CompilerMessages>
        <MsgFileName Value=""/>
      </CompilerMessages>
      <CompilerPath Value="$(CompPath)"/>
    </Other>
  </CompilerOptions>
  <Debugging>
    <Exceptions Count="3">
      <Item1>
        <Name Value="EAbort"/>
      </Item1>
      <Item2>
        <Name Value="ECodetoolError"/>
      </Item2>
      <Item3>
        <Name Value="EFOpenError"/>
      </Item3>
    </Exceptions>
  </Debugging>
</CONFIG>
