<?xml version="1.0" encoding="UTF-8"?>
<CONFIG>
  <ProjectOptions>
    <Version Value="9"/>
    <PathDelim Value="\"/>
    <General>
      <Flags>
        <MainUnitHasCreateFormStatements Value="False"/>
        <MainUnitHasTitleStatement Value="False"/>
      </Flags>
      <SessionStorage Value="InProjectDir"/>
      <MainUnit Value="0"/>
      <Title Value="lander"/>
      <UseAppBundle Value="False"/>
      <ResourceType Value="res"/>
    </General>
    <i18n>
      <EnableI18N LFM="False"/>
    </i18n>
    <VersionInfo>
      <StringTable ProductVersion=""/>
    </VersionInfo>
    <BuildModes Count="1">
      <Item1 Name="Default" Default="True"/>
    </BuildModes>
    <PublishOptions>
      <Version Value="2"/>
    </PublishOptions>
    <RunParams>
      <local>
        <FormatVersion Value="1"/>
      </local>
    </RunParams>
    <Units Count="10">
      <Unit0>
        <Filename Value="lander.lpr"/>
        <IsPartOfProject Value="True"/>
        <UnitName Value="lander"/>
      </Unit0>
      <Unit1>
        <Filename Value="..\..\engine\glrMath.pas"/>
        <IsPartOfProject Value="True"/>
        <UnitName Value="glrMath"/>
      </Unit1>
      <Unit2>
        <Filename Value="..\..\engine\ogl.pas"/>
        <IsPartOfProject Value="True"/>
        <UnitName Value="ogl"/>
      </Unit2>
      <Unit3>
        <Filename Value="..\..\engine\tinyglr.pas"/>
        <IsPartOfProject Value="True"/>
        <UnitName Value="tinyglr"/>
      </Unit3>
      <Unit4>
        <Filename Value="uspace.pas"/>
        <IsPartOfProject Value="True"/>
        <UnitName Value="uSpace"/>
      </Unit4>
      <Unit5>
        <Filename Value="..\..\engine\box2d\uBox2DImport.pas"/>
        <IsPartOfProject Value="True"/>
        <UnitName Value="uBox2DImport"/>
      </Unit5>
      <Unit6>
        <Filename Value="..\..\engine\box2d\UPhysics2D.pas"/>
        <IsPartOfProject Value="True"/>
        <UnitName Value="UPhysics2D"/>
      </Unit6>
      <Unit7>
        <Filename Value="umoon.pas"/>
        <IsPartOfProject Value="True"/>
        <UnitName Value="uMoon"/>
      </Unit7>
      <Unit8>
        <Filename Value="umain.pas"/>
        <IsPartOfProject Value="True"/>
        <UnitName Value="uMain"/>
      </Unit8>
      <Unit9>
        <Filename Value="..\..\engine\box2d\UPhysics2DTypes.pas"/>
        <IsPartOfProject Value="True"/>
        <UnitName Value="UPhysics2DTypes"/>
      </Unit9>
    </Units>
  </ProjectOptions>
  <CompilerOptions>
    <Version Value="11"/>
    <PathDelim Value="\"/>
    <Target>
      <Filename Value="..\..\..\bin\lander"/>
    </Target>
    <SearchPaths>
      <IncludeFiles Value="$(ProjOutDir)"/>
      <OtherUnitFiles Value="..\..\engine;..\..\engine\box2d"/>
      <UnitOutputDirectory Value="..\..\..\dcu"/>
    </SearchPaths>
    <Parsing>
      <SyntaxOptions>
        <SyntaxMode Value="Delphi"/>
        <IncludeAssertionCode Value="True"/>
        <CPPInline Value="False"/>
        <UseAnsiStrings Value="False"/>
      </SyntaxOptions>
    </Parsing>
    <CodeGeneration>
      <SmartLinkUnit Value="True"/>
      <Checks>
        <IOChecks Value="True"/>
        <RangeChecks Value="True"/>
        <OverflowChecks Value="True"/>
        <StackChecks Value="True"/>
      </Checks>
    </CodeGeneration>
    <Linking>
      <Debugging>
        <StripSymbols Value="True"/>
        <UseExternalDbgSyms Value="True"/>
      </Debugging>
      <LinkSmart Value="True"/>
    </Linking>
    <Other>
      <CompilerMessages>
        <MsgFileName Value=""/>
      </CompilerMessages>
      <CompilerPath Value="$(CompPath)"/>
    </Other>
  </CompilerOptions>
  <Debugging>
    <Exceptions Count="3">
      <Item1>
        <Name Value="EAbort"/>
      </Item1>
      <Item2>
        <Name Value="ECodetoolError"/>
      </Item2>
      <Item3>
        <Name Value="EFOpenError"/>
      </Item3>
    </Exceptions>
  </Debugging>
</CONFIG>
