<?xml version="1.0" encoding="UTF-8"?>
<CONFIG>
  <ProjectOptions>
    <Version Value="9"/>
    <PathDelim Value="\"/>
    <General>
      <Flags>
        <MainUnitHasCreateFormStatements Value="False"/>
        <MainUnitHasTitleStatement Value="False"/>
      </Flags>
      <SessionStorage Value="InProjectDir"/>
      <MainUnit Value="0"/>
      <Title Value="igdc123"/>
      <UseAppBundle Value="False"/>
      <ResourceType Value="res"/>
    </General>
    <i18n>
      <EnableI18N LFM="False"/>
    </i18n>
    <VersionInfo>
      <StringTable ProductVersion=""/>
    </VersionInfo>
    <BuildModes Count="1">
      <Item1 Name="Default" Default="True"/>
    </BuildModes>
    <PublishOptions>
      <Version Value="2"/>
    </PublishOptions>
    <RunParams>
      <local>
        <FormatVersion Value="1"/>
      </local>
    </RunParams>
    <Units Count="8">
      <Unit0>
        <Filename Value="igdc123.lpr"/>
        <IsPartOfProject Value="True"/>
        <UnitName Value="igdc123"/>
      </Unit0>
      <Unit1>
        <Filename Value="ugame.pas"/>
        <IsPartOfProject Value="True"/>
        <UnitName Value="uGame"/>
      </Unit1>
      <Unit2>
        <Filename Value="ugsmainmenu.pas"/>
        <IsPartOfProject Value="True"/>
        <UnitName Value="uGSMainMenu"/>
      </Unit2>
      <Unit3>
        <Filename Value="uassets.pas"/>
        <IsPartOfProject Value="True"/>
        <UnitName Value="uAssets"/>
      </Unit3>
      <Unit4>
        <Filename Value="ugssettingsmenu.pas"/>
        <IsPartOfProject Value="True"/>
        <UnitName Value="uGSSettingsMenu"/>
      </Unit4>
      <Unit5>
        <Filename Value="ugsgame.pas"/>
        <IsPartOfProject Value="True"/>
        <UnitName Value="uGSGame"/>
      </Unit5>
      <Unit6>
        <Filename Value="uunit.pas"/>
        <IsPartOfProject Value="True"/>
        <UnitName Value="uUnit"/>
      </Unit6>
      <Unit7>
        <Filename Value="uobjects.pas"/>
        <IsPartOfProject Value="True"/>
        <UnitName Value="uObjects"/>
      </Unit7>
    </Units>
  </ProjectOptions>
  <CompilerOptions>
    <Version Value="11"/>
    <PathDelim Value="\"/>
    <Target>
      <Filename Value="..\..\..\bin\igdc123"/>
    </Target>
    <SearchPaths>
      <IncludeFiles Value="$(ProjOutDir)"/>
      <OtherUnitFiles Value="..\..\engine"/>
      <UnitOutputDirectory Value="..\..\..\dcu"/>
    </SearchPaths>
    <Parsing>
      <SyntaxOptions>
        <SyntaxMode Value="Delphi"/>
        <IncludeAssertionCode Value="True"/>
        <CPPInline Value="False"/>
        <UseAnsiStrings Value="False"/>
      </SyntaxOptions>
    </Parsing>
    <CodeGeneration>
      <SmartLinkUnit Value="True"/>
      <Checks>
        <IOChecks Value="True"/>
        <RangeChecks Value="True"/>
        <OverflowChecks Value="True"/>
        <StackChecks Value="True"/>
      </Checks>
    </CodeGeneration>
    <Linking>
      <Debugging>
        <StripSymbols Value="True"/>
        <UseExternalDbgSyms Value="True"/>
      </Debugging>
      <Options>
        <Win32>
          <GraphicApplication Value="True"/>
        </Win32>
      </Options>
    </Linking>
    <Other>
      <CompilerMessages>
        <MsgFileName Value=""/>
      </CompilerMessages>
      <CompilerPath Value="$(CompPath)"/>
    </Other>
  </CompilerOptions>
  <Debugging>
    <Exceptions Count="3">
      <Item1>
        <Name Value="EAbort"/>
      </Item1>
      <Item2>
        <Name Value="ECodetoolError"/>
      </Item2>
      <Item3>
        <Name Value="EFOpenError"/>
      </Item3>
    </Exceptions>
  </Debugging>
</CONFIG>
